<?xml version="1.0" encoding="utf-8"?>
<Project ToolsVersion="4.0" xmlns="http://schemas.microsoft.com/developer/msbuild/2003">
  <ItemGroup>
    <Filter Include="Source Files">
      <UniqueIdentifier>{4FC737F1-C7A5-4376-A066-2A32D752A2FF}</UniqueIdentifier>
      <Extensions>cpp;c;cc;cxx;c++;cppm;ixx;def;odl;idl;hpj;bat;asm;asmx</Extensions>
    </Filter>
    <Filter Include="Header Files">
      <UniqueIdentifier>{93995380-89BD-4b04-88EB-625FBE52EBFB}</UniqueIdentifier>
      <Extensions>h;hh;hpp;hxx;h++;hm;inl;inc;ipp;xsd</Extensions>
    </Filter>
    <Filter Include="Resource Files">
      <UniqueIdentifier>{67DA6AB6-F800-4c08-8B7A-83BB121AAD01}</UniqueIdentifier>
      <Extensions>rc;ico;cur;bmp;dlg;rc2;rct;bin;rgs;gif;jpg;jpeg;jpe;resx;tiff;tif;png;wav;mfcribbon-ms</Extensions>
    </Filter>
  </ItemGroup>
  <ItemGroup>
    <ClCompile Include="MyForm.cpp">
      <Filter>Source Files</Filter>
    </ClCompile>
    <ClCompile Include="spellcross.cpp">
      <Filter>Source Files</Filter>
    </ClCompile>
    <ClCompile Include="fsu_archive.cpp">
      <Filter>Source Files</Filter>
    </ClCompile>
    <ClCompile Include="LZ_spell.cpp">
      <Filter>Source Files</Filter>
    </ClCompile>
    <ClCompile Include="fs_archive.cpp">
      <Filter>Source Files</Filter>
    </ClCompile>
    <ClCompile Include="spell_units.cpp">
      <Filter>Source Files</Filter>
    </ClCompile>
    <ClCompile Include="map.cpp">
      <Filter>Source Files</Filter>
    </ClCompile>
  </ItemGroup>
  <ItemGroup>
    <ClInclude Include="MyForm.h">
      <Filter>Header Files</Filter>
    </ClInclude>
    <ClInclude Include="spellcross.h">
      <Filter>Header Files</Filter>
    </ClInclude>
    <ClInclude Include="fsu_archive.h">
      <Filter>Header Files</Filter>
    </ClInclude>
    <ClInclude Include="LZ_spell.h">
      <Filter>Header Files</Filter>
    </ClInclude>
    <ClInclude Include="fs_archive.h">
      <Filter>Header Files</Filter>
    </ClInclude>
    <ClInclude Include="spell_units.h">
      <Filter>Header Files</Filter>
    </ClInclude>
    <ClInclude Include="map.h">
      <Filter>Header Files</Filter>
    </ClInclude>
    <ClInclude Include="SimpleIni.h">
      <Filter>Header Files</Filter>
    </ClInclude>
  </ItemGroup>
</Project>